
Microsoft Visual Studio Solution File, Format Version 12.00
# Visual Studio 15
VisualStudioVersion = 15.0.26124.0
MinimumVisualStudioVersion = 15.0.26124.0
Project("{FAE04EC0-301F-11D3-BF4B-00C04F79EFBC}") = "CoreStudy循环判断", "CoreStudy循环判断\CoreStudy循环判断.csproj", "{480D85F5-6301-4719-B5F0-A565AC499EA9}"
EndProject
Project("{FAE04EC0-301F-11D3-BF4B-00C04F79EFBC}") = "CoreStudy01", "CoreStudy基础类型\CoreStudy01.csproj", "{9FF1C4D0-2197-42CD-9C39-CCBA6E7CD1A2}"
EndProject
Project("{FAE04EC0-301F-11D3-BF4B-00C04F79EFBC}") = "CoreStudy03面向对象", "CoreStudy03面向对象\CoreStudy03面向对象.csproj", "{20F1D0AD-E978-4757-8A83-1E0299064AA5}"
EndProject
Global
	GlobalSection(SolutionConfigurationPlatforms) = preSolution
		Debug|Any CPU = Debug|Any CPU
		Debug|x64 = Debug|x64
		Debug|x86 = Debug|x86
		Release|Any CPU = Release|Any CPU
		Release|x64 = Release|x64
		Release|x86 = Release|x86
	EndGlobalSection
	GlobalSection(SolutionProperties) = preSolution
		HideSolutionNode = FALSE
	EndGlobalSection
	GlobalSection(ProjectConfigurationPlatforms) = postSolution
		{480D85F5-6301-4719-B5F0-A565AC499EA9}.Debug|Any CPU.ActiveCfg = Debug|Any CPU
		{480D85F5-6301-4719-B5F0-A565AC499EA9}.Debug|Any CPU.Build.0 = Debug|Any CPU
		{480D85F5-6301-4719-B5F0-A565AC499EA9}.Debug|x64.ActiveCfg = Debug|Any CPU
		{480D85F5-6301-4719-B5F0-A565AC499EA9}.Debug|x64.Build.0 = Debug|Any CPU
		{480D85F5-6301-4719-B5F0-A565AC499EA9}.Debug|x86.ActiveCfg = Debug|Any CPU
		{480D85F5-6301-4719-B5F0-A565AC499EA9}.Debug|x86.Build.0 = Debug|Any CPU
		{480D85F5-6301-4719-B5F0-A565AC499EA9}.Release|Any CPU.ActiveCfg = Release|Any CPU
		{480D85F5-6301-4719-B5F0-A565AC499EA9}.Release|Any CPU.Build.0 = Release|Any CPU
		{480D85F5-6301-4719-B5F0-A565AC499EA9}.Release|x64.ActiveCfg = Release|Any CPU
		{480D85F5-6301-4719-B5F0-A565AC499EA9}.Release|x64.Build.0 = Release|Any CPU
		{480D85F5-6301-4719-B5F0-A565AC499EA9}.Release|x86.ActiveCfg = Release|Any CPU
		{480D85F5-6301-4719-B5F0-A565AC499EA9}.Release|x86.Build.0 = Release|Any CPU
		{9FF1C4D0-2197-42CD-9C39-CCBA6E7CD1A2}.Debug|Any CPU.ActiveCfg = Debug|Any CPU
		{9FF1C4D0-2197-42CD-9C39-CCBA6E7CD1A2}.Debug|Any CPU.Build.0 = Debug|Any CPU
		{9FF1C4D0-2197-42CD-9C39-CCBA6E7CD1A2}.Debug|x64.ActiveCfg = Debug|Any CPU
		{9FF1C4D0-2197-42CD-9C39-CCBA6E7CD1A2}.Debug|x64.Build.0 = Debug|Any CPU
		{9FF1C4D0-2197-42CD-9C39-CCBA6E7CD1A2}.Debug|x86.ActiveCfg = Debug|Any CPU
		{9FF1C4D0-2197-42CD-9C39-CCBA6E7CD1A2}.Debug|x86.Build.0 = Debug|Any CPU
		{9FF1C4D0-2197-42CD-9C39-CCBA6E7CD1A2}.Release|Any CPU.ActiveCfg = Release|Any CPU
		{9FF1C4D0-2197-42CD-9C39-CCBA6E7CD1A2}.Release|Any CPU.Build.0 = Release|Any CPU
		{9FF1C4D0-2197-42CD-9C39-CCBA6E7CD1A2}.Release|x64.ActiveCfg = Release|Any CPU
		{9FF1C4D0-2197-42CD-9C39-CCBA6E7CD1A2}.Release|x64.Build.0 = Release|Any CPU
		{9FF1C4D0-2197-42CD-9C39-CCBA6E7CD1A2}.Release|x86.ActiveCfg = Release|Any CPU
		{9FF1C4D0-2197-42CD-9C39-CCBA6E7CD1A2}.Release|x86.Build.0 = Release|Any CPU
		{20F1D0AD-E978-4757-8A83-1E0299064AA5}.Debug|Any CPU.ActiveCfg = Debug|Any CPU
		{20F1D0AD-E978-4757-8A83-1E0299064AA5}.Debug|Any CPU.Build.0 = Debug|Any CPU
		{20F1D0AD-E978-4757-8A83-1E0299064AA5}.Debug|x64.ActiveCfg = Debug|Any CPU
		{20F1D0AD-E978-4757-8A83-1E0299064AA5}.Debug|x64.Build.0 = Debug|Any CPU
		{20F1D0AD-E978-4757-8A83-1E0299064AA5}.Debug|x86.ActiveCfg = Debug|Any CPU
		{20F1D0AD-E978-4757-8A83-1E0299064AA5}.Debug|x86.Build.0 = Debug|Any CPU
		{20F1D0AD-E978-4757-8A83-1E0299064AA5}.Release|Any CPU.ActiveCfg = Release|Any CPU
		{20F1D0AD-E978-4757-8A83-1E0299064AA5}.Release|Any CPU.Build.0 = Release|Any CPU
		{20F1D0AD-E978-4757-8A83-1E0299064AA5}.Release|x64.ActiveCfg = Release|Any CPU
		{20F1D0AD-E978-4757-8A83-1E0299064AA5}.Release|x64.Build.0 = Release|Any CPU
		{20F1D0AD-E978-4757-8A83-1E0299064AA5}.Release|x86.ActiveCfg = Release|Any CPU
		{20F1D0AD-E978-4757-8A83-1E0299064AA5}.Release|x86.Build.0 = Release|Any CPU
	EndGlobalSection
EndGlobal
