Microsoft Visual Studio Solution File, Format Version 12.00
# Visual Studio 15
VisualStudioVersion = 15.0.27130.2027
MinimumVisualStudioVersion = 15.0.26124.0
Project("{9A19103F-16F7-4668-BE54-9A1E7A4F7556}") = "clientside.Server", "clientside.Server\clientside.Server.csproj", "{46DBE9DF-678D-41E3-8F44-07E91266D6DB}"
EndProject
Project("{9A19103F-16F7-4668-BE54-9A1E7A4F7556}") = "clientside.Client", "clientside.Client\clientside.Client.csproj", "{30D667CB-55C5-48D0-B225-EE1EB3148B51}"
EndProject
Project("{9A19103F-16F7-4668-BE54-9A1E7A4F7556}") = "clientside.Shared", "clientside.Shared\clientside.Shared.csproj", "{B50AB6BD-43E7-418B-9E42-D1675DBA51FE}"
EndProject
Global
	GlobalSection(SolutionConfigurationPlatforms) = preSolution
		Debug|Any CPU = Debug|Any CPU
		Debug|x64 = Debug|x64
		Debug|x86 = Debug|x86
		Release|Any CPU = Release|Any CPU
		Release|x64 = Release|x64
		Release|x86 = Release|x86
	EndGlobalSection
	GlobalSection(ProjectConfigurationPlatforms) = postSolution
		{30D667CB-55C5-48D0-B225-EE1EB3148B51}.Debug|Any CPU.ActiveCfg = Debug|Any CPU
		{30D667CB-55C5-48D0-B225-EE1EB3148B51}.Debug|Any CPU.Build.0 = Debug|Any CPU
		{30D667CB-55C5-48D0-B225-EE1EB3148B51}.Debug|x64.ActiveCfg = Debug|Any CPU
		{30D667CB-55C5-48D0-B225-EE1EB3148B51}.Debug|x64.Build.0 = Debug|Any CPU
		{30D667CB-55C5-48D0-B225-EE1EB3148B51}.Debug|x86.ActiveCfg = Debug|Any CPU
		{30D667CB-55C5-48D0-B225-EE1EB3148B51}.Debug|x86.Build.0 = Debug|Any CPU
		{30D667CB-55C5-48D0-B225-EE1EB3148B51}.Release|Any CPU.ActiveCfg = Release|Any CPU
		{30D667CB-55C5-48D0-B225-EE1EB3148B51}.Release|Any CPU.Build.0 = Release|Any CPU
		{30D667CB-55C5-48D0-B225-EE1EB3148B51}.Release|x64.ActiveCfg = Release|Any CPU
		{30D667CB-55C5-48D0-B225-EE1EB3148B51}.Release|x64.Build.0 = Release|Any CPU
		{30D667CB-55C5-48D0-B225-EE1EB3148B51}.Release|x86.ActiveCfg = Release|Any CPU
		{30D667CB-55C5-48D0-B225-EE1EB3148B51}.Release|x86.Build.0 = Release|Any CPU
		{46DBE9DF-678D-41E3-8F44-07E91266D6DB}.Debug|Any CPU.ActiveCfg = Debug|Any CPU
		{46DBE9DF-678D-41E3-8F44-07E91266D6DB}.Debug|Any CPU.Build.0 = Debug|Any CPU
		{46DBE9DF-678D-41E3-8F44-07E91266D6DB}.Debug|x64.ActiveCfg = Debug|Any CPU
		{46DBE9DF-678D-41E3-8F44-07E91266D6DB}.Debug|x64.Build.0 = Debug|Any CPU
		{46DBE9DF-678D-41E3-8F44-07E91266D6DB}.Debug|x86.ActiveCfg = Debug|Any CPU
		{46DBE9DF-678D-41E3-8F44-07E91266D6DB}.Debug|x86.Build.0 = Debug|Any CPU
		{46DBE9DF-678D-41E3-8F44-07E91266D6DB}.Release|Any CPU.ActiveCfg = Release|Any CPU
		{46DBE9DF-678D-41E3-8F44-07E91266D6DB}.Release|Any CPU.Build.0 = Release|Any CPU
		{46DBE9DF-678D-41E3-8F44-07E91266D6DB}.Release|x64.ActiveCfg = Release|Any CPU
		{46DBE9DF-678D-41E3-8F44-07E91266D6DB}.Release|x64.Build.0 = Release|Any CPU
		{46DBE9DF-678D-41E3-8F44-07E91266D6DB}.Release|x86.ActiveCfg = Release|Any CPU
		{46DBE9DF-678D-41E3-8F44-07E91266D6DB}.Release|x86.Build.0 = Release|Any CPU
		{B50AB6BD-43E7-418B-9E42-D1675DBA51FE}.Debug|Any CPU.ActiveCfg = Debug|Any CPU
		{B50AB6BD-43E7-418B-9E42-D1675DBA51FE}.Debug|Any CPU.Build.0 = Debug|Any CPU
		{B50AB6BD-43E7-418B-9E42-D1675DBA51FE}.Debug|x64.ActiveCfg = Debug|Any CPU
		{B50AB6BD-43E7-418B-9E42-D1675DBA51FE}.Debug|x64.Build.0 = Debug|Any CPU
		{B50AB6BD-43E7-418B-9E42-D1675DBA51FE}.Debug|x86.ActiveCfg = Debug|Any CPU
		{B50AB6BD-43E7-418B-9E42-D1675DBA51FE}.Debug|x86.Build.0 = Debug|Any CPU
		{B50AB6BD-43E7-418B-9E42-D1675DBA51FE}.Release|Any CPU.ActiveCfg = Release|Any CPU
		{B50AB6BD-43E7-418B-9E42-D1675DBA51FE}.Release|Any CPU.Build.0 = Release|Any CPU
		{B50AB6BD-43E7-418B-9E42-D1675DBA51FE}.Release|x64.ActiveCfg = Release|Any CPU
		{B50AB6BD-43E7-418B-9E42-D1675DBA51FE}.Release|x64.Build.0 = Release|Any CPU
		{B50AB6BD-43E7-418B-9E42-D1675DBA51FE}.Release|x86.ActiveCfg = Release|Any CPU
		{B50AB6BD-43E7-418B-9E42-D1675DBA51FE}.Release|x86.Build.0 = Release|Any CPU
	EndGlobalSection
	GlobalSection(SolutionProperties) = preSolution
		HideSolutionNode = FALSE
	EndGlobalSection
	GlobalSection(ExtensibilityGlobals) = postSolution
		SolutionGuid = {6A8D5254-0192-46A7-9075-74AB96161795}
	EndGlobalSection
EndGlobal
